
Microsoft Visual Studio Solution File, Format Version 12.00
# Visual Studio 15
VisualStudioVersion = 15.0.28307.960
MinimumVisualStudioVersion = 10.0.40219.1
Project("{FAE04EC0-301F-11D3-BF4B-00C04F79EFBC}") = "ConsoleAESCryptography", "ConsoleAESCryptography\ConsoleAESCryptography.csproj", "{EC36A6C1-B76A-4ED1-B25F-46D90D5D6F9A}"
EndProject
Global
	GlobalSection(SolutionConfigurationPlatforms) = preSolution
		Debug|Any CPU = Debug|Any CPU
		Release|Any CPU = Release|Any CPU
	EndGlobalSection
	GlobalSection(ProjectConfigurationPlatforms) = postSolution
		{EC36A6C1-B76A-4ED1-B25F-46D90D5D6F9A}.Debug|Any CPU.ActiveCfg = Debug|Any CPU
		{EC36A6C1-B76A-4ED1-B25F-46D90D5D6F9A}.Debug|Any CPU.Build.0 = Debug|Any CPU
		{EC36A6C1-B76A-4ED1-B25F-46D90D5D6F9A}.Release|Any CPU.ActiveCfg = Release|Any CPU
		{EC36A6C1-B76A-4ED1-B25F-46D90D5D6F9A}.Release|Any CPU.Build.0 = Release|Any CPU
	EndGlobalSection
	GlobalSection(SolutionProperties) = preSolution
		HideSolutionNode = FALSE
	EndGlobalSection
	GlobalSection(ExtensibilityGlobals) = postSolution
		SolutionGuid = {CD601DDB-17F5-40FC-B318-BF668826382A}
	EndGlobalSection
EndGlobal
